
Microsoft Visual Studio Solution File, Format Version 12.00
# Visual Studio 15
VisualStudioVersion = 15.0.27703.2026
MinimumVisualStudioVersion = 10.0.40219.1
Project("{FAE04EC0-301F-11D3-BF4B-00C04F79EFBC}") = "UrlsAndRouters", "UrlsAndRouters\UrlsAndRouters.csproj", "{D99B116D-2519-4918-9E09-AC4C2D4A00A3}"
EndProject
Project("{FAE04EC0-301F-11D3-BF4B-00C04F79EFBC}") = "UrlsAndRouters.Tests", "UrlsAndRouters.Tests\UrlsAndRouters.Tests.csproj", "{540744B4-5BB2-494D-868A-08958D59446A}"
EndProject
Global
	GlobalSection(SolutionConfigurationPlatforms) = preSolution
		Debug|Any CPU = Debug|Any CPU
		Release|Any CPU = Release|Any CPU
	EndGlobalSection
	GlobalSection(ProjectConfigurationPlatforms) = postSolution
		{D99B116D-2519-4918-9E09-AC4C2D4A00A3}.Debug|Any CPU.ActiveCfg = Debug|Any CPU
		{D99B116D-2519-4918-9E09-AC4C2D4A00A3}.Debug|Any CPU.Build.0 = Debug|Any CPU
		{D99B116D-2519-4918-9E09-AC4C2D4A00A3}.Release|Any CPU.ActiveCfg = Release|Any CPU
		{D99B116D-2519-4918-9E09-AC4C2D4A00A3}.Release|Any CPU.Build.0 = Release|Any CPU
		{540744B4-5BB2-494D-868A-08958D59446A}.Debug|Any CPU.ActiveCfg = Debug|Any CPU
		{540744B4-5BB2-494D-868A-08958D59446A}.Debug|Any CPU.Build.0 = Debug|Any CPU
		{540744B4-5BB2-494D-868A-08958D59446A}.Release|Any CPU.ActiveCfg = Release|Any CPU
		{540744B4-5BB2-494D-868A-08958D59446A}.Release|Any CPU.Build.0 = Release|Any CPU
	EndGlobalSection
	GlobalSection(SolutionProperties) = preSolution
		HideSolutionNode = FALSE
	EndGlobalSection
	GlobalSection(ExtensibilityGlobals) = postSolution
		SolutionGuid = {6E1224C6-5A6F-485D-8867-110EF8562FB5}
	EndGlobalSection
EndGlobal
